{
  "name": "microcms",
  "lockfileVersion": 2,
  "requires": true,
  "packages": {
    "": {
      "dependencies": {
        "cloudly-storage": "^0.4.8",
        "isoly": "^2.0.14"
      }
    },
    "node_modules/cloudly-http": {
      "version": "0.0.50",
      "resolved": "https://registry.npmjs.org/cloudly-http/-/cloudly-http-0.0.50.tgz",
      "integrity": "sha512-ocylYhcKzSqZsszKgK09yJ9xiVsKNY8HzKry7ZqY3pL7UK+2a1MPQDUO/Lsn5DNps1xLP/U+3dqYyzYcHxM6Mw=="
    },
    "node_modules/cloudly-router": {
      "version": "0.0.24",
      "resolved": "https://registry.npmjs.org/cloudly-router/-/cloudly-router-0.0.24.tgz",
      "integrity": "sha512-7IQwgo+AiDmAvHc7pInFzsKO+RoT0fBplObmC5DVlACo5N1moQV8IASQ4H+Yt47ldCQKxEZYXkJqpMkPLbF+Fw==",
      "dependencies": {
        "cloudly-http": "^0.0.49",
        "urlpattern-polyfill": "^5.0.3"
      }
    },
    "node_modules/cloudly-router/node_modules/cloudly-http": {
      "version": "0.0.49",
      "resolved": "https://registry.npmjs.org/cloudly-http/-/cloudly-http-0.0.49.tgz",
      "integrity": "sha512-0T6XKsEQ/mZcvhZbFX/X1yiYHXFWvbvC2bXaKsAh43LedodmltW7k7AThrt/7koAhh/9k7pF1WNOU/89p0WsFA=="
    },
    "node_modules/cloudly-storage": {
      "version": "0.4.8",
      "resolved": "https://registry.npmjs.org/cloudly-storage/-/cloudly-storage-0.4.8.tgz",
      "integrity": "sha512-EoIS9uU24RAV45FV7912Zi9y3z6MVRxH4paNhpXhq42W7+/rh6n3d5jWydWgMLpORSYpwxs+gA1hrdmXRwh+aA==",
      "dependencies": {
        "cloudly-http": "^0.0.50",
        "cloudly-router": "^0.0.24",
        "cryptly": "^3.0.1",
        "gracely": "^2.0.3",
        "isoly": "^2.0.11"
      }
    },
    "node_modules/cryptly": {
      "version": "3.0.2",
      "resolved": "https://registry.npmjs.org/cryptly/-/cryptly-3.0.2.tgz",
      "integrity": "sha512-9zocOxAJKo0vPoTtagw8a6mTrMqyW2qWYLU1aj2w47yI5sDu/elwy2bE2YObXBfhIt3yjZ/PskQ3R9fPYo5gBQ=="
    },
    "node_modules/gracely": {
      "version": "2.0.3",
      "resolved": "https://registry.npmjs.org/gracely/-/gracely-2.0.3.tgz",
      "integrity": "sha512-jQo/PMCWedS/tJQgtqSH256dCbHsHrYumaOPAAJ/SLHVguW5x49Lc1n4GXYVIF7oGWq+SFfwQZKMTLzoqoLvmA=="
    },
    "node_modules/isoly": {
      "version": "2.0.14",
      "resolved": "https://registry.npmjs.org/isoly/-/isoly-2.0.14.tgz",
      "integrity": "sha512-+Wo9SlOyU+QDBBBqaZYPkK5hHtz2dP5uLrHmUup4jolDS4GaUBhQH9K02gJLJRc6SX2H3htbW7BlCcvC/e5o8A=="
    },
    "node_modules/urlpattern-polyfill": {
      "version": "5.0.9",
      "resolved": "https://registry.npmjs.org/urlpattern-polyfill/-/urlpattern-polyfill-5.0.9.tgz",
      "integrity": "sha512-7MM/vXEZhbWtSBKPTWFb431QUxn9IKBN3HutHN+2JrO9UAusttvvCjEVB+7MZkAowduXCs2v0D/puv6sE9oyFA=="
    }
  },
  "dependencies": {
    "cloudly-http": {
      "version": "0.0.50",
      "resolved": "https://registry.npmjs.org/cloudly-http/-/cloudly-http-0.0.50.tgz",
      "integrity": "sha512-ocylYhcKzSqZsszKgK09yJ9xiVsKNY8HzKry7ZqY3pL7UK+2a1MPQDUO/Lsn5DNps1xLP/U+3dqYyzYcHxM6Mw=="
    },
    "cloudly-router": {
      "version": "0.0.24",
      "resolved": "https://registry.npmjs.org/cloudly-router/-/cloudly-router-0.0.24.tgz",
      "integrity": "sha512-7IQwgo+AiDmAvHc7pInFzsKO+RoT0fBplObmC5DVlACo5N1moQV8IASQ4H+Yt47ldCQKxEZYXkJqpMkPLbF+Fw==",
      "requires": {
        "cloudly-http": "^0.0.49",
        "urlpattern-polyfill": "^5.0.3"
      },
      "dependencies": {
        "cloudly-http": {
          "version": "0.0.49",
          "resolved": "https://registry.npmjs.org/cloudly-http/-/cloudly-http-0.0.49.tgz",
          "integrity": "sha512-0T6XKsEQ/mZcvhZbFX/X1yiYHXFWvbvC2bXaKsAh43LedodmltW7k7AThrt/7koAhh/9k7pF1WNOU/89p0WsFA=="
        }
      }
    },
    "cloudly-storage": {
      "version": "0.4.8",
      "resolved": "https://registry.npmjs.org/cloudly-storage/-/cloudly-storage-0.4.8.tgz",
      "integrity": "sha512-EoIS9uU24RAV45FV7912Zi9y3z6MVRxH4paNhpXhq42W7+/rh6n3d5jWydWgMLpORSYpwxs+gA1hrdmXRwh+aA==",
      "requires": {
        "cloudly-http": "^0.0.50",
        "cloudly-router": "^0.0.24",
        "cryptly": "^3.0.1",
        "gracely": "^2.0.3",
        "isoly": "^2.0.11"
      }
    },
    "cryptly": {
      "version": "3.0.2",
      "resolved": "https://registry.npmjs.org/cryptly/-/cryptly-3.0.2.tgz",
      "integrity": "sha512-9zocOxAJKo0vPoTtagw8a6mTrMqyW2qWYLU1aj2w47yI5sDu/elwy2bE2YObXBfhIt3yjZ/PskQ3R9fPYo5gBQ=="
    },
    "gracely": {
      "version": "2.0.3",
      "resolved": "https://registry.npmjs.org/gracely/-/gracely-2.0.3.tgz",
      "integrity": "sha512-jQo/PMCWedS/tJQgtqSH256dCbHsHrYumaOPAAJ/SLHVguW5x49Lc1n4GXYVIF7oGWq+SFfwQZKMTLzoqoLvmA=="
    },
    "isoly": {
      "version": "2.0.14",
      "resolved": "https://registry.npmjs.org/isoly/-/isoly-2.0.14.tgz",
      "integrity": "sha512-+Wo9SlOyU+QDBBBqaZYPkK5hHtz2dP5uLrHmUup4jolDS4GaUBhQH9K02gJLJRc6SX2H3htbW7BlCcvC/e5o8A=="
    },
    "urlpattern-polyfill": {
      "version": "5.0.9",
      "resolved": "https://registry.npmjs.org/urlpattern-polyfill/-/urlpattern-polyfill-5.0.9.tgz",
      "integrity": "sha512-7MM/vXEZhbWtSBKPTWFb431QUxn9IKBN3HutHN+2JrO9UAusttvvCjEVB+7MZkAowduXCs2v0D/puv6sE9oyFA=="
    }
  }
}
