{
  "name": "microcms",
  "lockfileVersion": 2,
  "requires": true,
  "packages": {
    "": {
      "dependencies": {
        "isoly": "^2.0.14"
      }
    },
    "node_modules/isoly": {
      "version": "2.0.14",
      "resolved": "https://registry.npmjs.org/isoly/-/isoly-2.0.14.tgz",
      "integrity": "sha512-+Wo9SlOyU+QDBBBqaZYPkK5hHtz2dP5uLrHmUup4jolDS4GaUBhQH9K02gJLJRc6SX2H3htbW7BlCcvC/e5o8A=="
    }
  },
  "dependencies": {
    "isoly": {
      "version": "2.0.14",
      "resolved": "https://registry.npmjs.org/isoly/-/isoly-2.0.14.tgz",
      "integrity": "sha512-+Wo9SlOyU+QDBBBqaZYPkK5hHtz2dP5uLrHmUup4jolDS4GaUBhQH9K02gJLJRc6SX2H3htbW7BlCcvC/e5o8A=="
    }
  }
}
